PODS:
  - Flutter (1.0.0)
  - flutter_barcode_scanner (2.0.0):
    - Flutter

DEPENDENCIES:
  - Flutter (from `Flutter`)
  - flutter_barcode_scanner (from `.symlinks/plugins/flutter_barcode_scanner/ios`)

EXTERNAL SOURCES:
  Flutter:
    :path: Flutter
  flutter_barcode_scanner:
    :path: ".symlinks/plugins/flutter_barcode_scanner/ios"

SPEC CHECKSUMS:
  Flutter: f04841e97a9d0b0a8025694d0796dd46242b2854
  flutter_barcode_scanner: 7a1144744c28dc0c57a8de7218ffe5ec59a9e4bf

PODFILE CHECKSUM: 70d9d25280d0dd177a5f637cdb0f0b0b12c6a189

COCOAPODS: 1.12.1
